dependencies:
- name: kube-prometheus-stack
  repository: https://prometheus-community.github.io/helm-charts
  version: 62.6.0
- name: lib-configuration
  repository: https://gitlab.com/api/v4/projects/15166395/packages/helm/stable/
  version: 0.0.1
digest: sha256:4050630fa8bde05674ace888065aff3585b7f3c535396af860c627a5b4c22306
generated: "2024-09-11T16:43:42.48487171+02:00"
