dependencies:
- name: minio
  repository: https://charts.min.io
  version: 4.0.14
- name: lib-configuration
  repository: https://gitlab.com/api/v4/projects/15166395/packages/helm/stable/
  version: 0.0.1
digest: sha256:b469602623c5df682763de494e87390e595ce81df4369af9da1ff4ba31c79461
generated: "2023-03-16T16:40:30.265173696+01:00"
