dependencies:
- name: pgadmin4
  repository: https://helm.runix.net
  version: 1.36.0
- name: lib-configuration
  repository: file://../../helm-libs/lib-configuration
  version: 0.0.1
digest: sha256:c481d0565544bca72544985c34ddcd92e05da197008424cf760dab6d252f2878
generated: "2025-03-15T06:02:16.817047048+01:00"
